// !$*UTF8*$!
{
	archiveVersion = 1;
	classes = {
	};
	objectVersion = 48;
	objects = {

/* Begin PBXBuildFile section */
		7F6DDD251FE90A4F004E7898 /* UserManager.swift in Sources */ = {isa = PBXBuildFile; fileRef = 7F6DDD241FE90A4F004E7898 /* UserManager.swift */; };
		7F6DDD271FE91646004E7898 /* LoginController.swift in Sources */ = {isa = PBXBuildFile; fileRef = 7F6DDD261FE91646004E7898 /* LoginController.swift */; };
		7F6DDD2C1FE96DAB004E7898 /* PortfolioCell.swift in Sources */ = {isa = PBXBuildFile; fileRef = 7F6DDD2A1FE96DAB004E7898 /* PortfolioCell.swift */; };
		7F6DDD2D1FE96DAB004E7898 /* PortfolioCell.xib in Resources */ = {isa = PBXBuildFile; fileRef = 7F6DDD2B1FE96DAB004E7898 /* PortfolioCell.xib */; };
		7F6DDD2F1FE96E2A004E7898 /* PortfolioController.swift in Sources */ = {isa = PBXBuildFile; fileRef = 7F6DDD2E1FE96E2A004E7898 /* PortfolioController.swift */; };
		7F6DDD311FEA049B004E7898 /* RegisterController.swift in Sources */ = {isa = PBXBuildFile; fileRef = 7F6DDD301FEA049B004E7898 /* RegisterController.swift */; };
		7FA137F71FE22FEE006455B1 /* AppDelegate.swift in Sources */ = {isa = PBXBuildFile; fileRef = 7FA137F61FE22FEE006455B1 /* AppDelegate.swift */; };
		7FA137F91FE22FEE006455B1 /* ViewController.swift in Sources */ = {isa = PBXBuildFile; fileRef = 7FA137F81FE22FEE006455B1 /* ViewController.swift */; };
		7FA137FC1FE22FEE006455B1 /* Main.storyboard in Resources */ = {isa = PBXBuildFile; fileRef = 7FA137FA1FE22FEE006455B1 /* Main.storyboard */; };
		7FA137FE1FE22FEE006455B1 /* Assets.xcassets in Resources */ = {isa = PBXBuildFile; fileRef = 7FA137FD1FE22FEE006455B1 /* Assets.xcassets */; };
		7FA138011FE22FEE006455B1 /* LaunchScreen.storyboard in Resources */ = {isa = PBXBuildFile; fileRef = 7FA137FF1FE22FEE006455B1 /* LaunchScreen.storyboard */; };
		7FA1380A1FE24E04006455B1 /* GoogleService-Info.plist in Resources */ = {isa = PBXBuildFile; fileRef = 7FA138091FE24E04006455B1 /* GoogleService-Info.plist */; };
		7FA1380C1FE2505B006455B1 /* RequestManager.swift in Sources */ = {isa = PBXBuildFile; fileRef = 7FA1380B1FE2505B006455B1 /* RequestManager.swift */; };
		7FA1380E1FE26E48006455B1 /* CustomerTabBarItemType.swift in Sources */ = {isa = PBXBuildFile; fileRef = 7FA1380D1FE26E48006455B1 /* CustomerTabBarItemType.swift */; };
		7FA138111FE27179006455B1 /* CustomerTabBarItem.swift in Sources */ = {isa = PBXBuildFile; fileRef = 7FA138101FE27179006455B1 /* CustomerTabBarItem.swift */; };
		7FA138131FE28554006455B1 /* CustomerTabBarController.swift in Sources */ = {isa = PBXBuildFile; fileRef = 7FA138121FE28554006455B1 /* CustomerTabBarController.swift */; };
		7FA138151FE2869E006455B1 /* DesignerTabBarItemType.swift in Sources */ = {isa = PBXBuildFile; fileRef = 7FA138141FE2869E006455B1 /* DesignerTabBarItemType.swift */; };
		7FA138171FE28870006455B1 /* DesignerTabBarItem.swift in Sources */ = {isa = PBXBuildFile; fileRef = 7FA138161FE28870006455B1 /* DesignerTabBarItem.swift */; };
		7FA138191FE28928006455B1 /* DesignerTabBarController.swift in Sources */ = {isa = PBXBuildFile; fileRef = 7FA138181FE28928006455B1 /* DesignerTabBarController.swift */; };
		7FA138251FE2B8ED006455B1 /* TestViewController.swift in Sources */ = {isa = PBXBuildFile; fileRef = 7FA138241FE2B8ED006455B1 /* TestViewController.swift */; };
		7FA138271FE36A84006455B1 /* CustomerSettingController.swift in Sources */ = {isa = PBXBuildFile; fileRef = 7FA138261FE36A84006455B1 /* CustomerSettingController.swift */; };
		7FA138291FE36A95006455B1 /* DesignerSettingController.swift in Sources */ = {isa = PBXBuildFile; fileRef = 7FA138281FE36A95006455B1 /* DesignerSettingController.swift */; };
		7FCA6E4D1FEA56BD00D5CFB4 /* AppDelegateExtension.swift in Sources */ = {isa = PBXBuildFile; fileRef = 7FCA6E4C1FEA56BD00D5CFB4 /* AppDelegateExtension.swift */; };
		7FCA6E501FEA57A100D5CFB4 /* UIWindowExtension.swift in Sources */ = {isa = PBXBuildFile; fileRef = 7FCA6E4F1FEA57A100D5CFB4 /* UIWindowExtension.swift */; };
		7FCA6E531FEA59EB00D5CFB4 /* FadeInOutTransition.swift in Sources */ = {isa = PBXBuildFile; fileRef = 7FCA6E521FEA59EB00D5CFB4 /* FadeInOutTransition.swift */; };
		7FF9373E1FE3A6C2004D1D4D /* DesignerPendingController.swift in Sources */ = {isa = PBXBuildFile; fileRef = 7FF9373D1FE3A6C2004D1D4D /* DesignerPendingController.swift */; };
		7FF937411FE3BDB6004D1D4D /* DesignerRequestCell.swift in Sources */ = {isa = PBXBuildFile; fileRef = 7FF9373F1FE3BDB6004D1D4D /* DesignerRequestCell.swift */; };
		7FF937421FE3BDB6004D1D4D /* DesignerRequestCell.xib in Resources */ = {isa = PBXBuildFile; fileRef = 7FF937401FE3BDB6004D1D4D /* DesignerRequestCell.xib */; };
		7FF9374A1FE3BEF8004D1D4D /* UINibExtensions.swift in Sources */ = {isa = PBXBuildFile; fileRef = 7FF937491FE3BEF8004D1D4D /* UINibExtensions.swift */; };
		7FF9374E1FE3D0D5004D1D4D /* CustomerRequestController.swift in Sources */ = {isa = PBXBuildFile; fileRef = 7FF9374D1FE3D0D5004D1D4D /* CustomerRequestController.swift */; };
		7FF937501FE3D239004D1D4D /* ReplyRequestController.swift in Sources */ = {isa = PBXBuildFile; fileRef = 7FF9374F1FE3D239004D1D4D /* ReplyRequestController.swift */; };
		7FF937521FE76FA2004D1D4D /* CustomerOrderListController.swift in Sources */ = {isa = PBXBuildFile; fileRef = 7FF937511FE76FA2004D1D4D /* CustomerOrderListController.swift */; };
		7FF937541FE76FBB004D1D4D /* CustomerPendingController.swift in Sources */ = {isa = PBXBuildFile; fileRef = 7FF937531FE76FBB004D1D4D /* CustomerPendingController.swift */; };
		7FF937561FE777FD004D1D4D /* CustomerOrdersController.swift in Sources */ = {isa = PBXBuildFile; fileRef = 7FF937551FE777FD004D1D4D /* CustomerOrdersController.swift */; };
		7FF9375B1FE790DF004D1D4D /* CustomerRequestCell.swift in Sources */ = {isa = PBXBuildFile; fileRef = 7FF937591FE790DF004D1D4D /* CustomerRequestCell.swift */; };
		7FF9375C1FE790DF004D1D4D /* CustomerRequestCell.xib in Resources */ = {isa = PBXBuildFile; fileRef = 7FF9375A1FE790DF004D1D4D /* CustomerRequestCell.xib */; };
		7FF937611FE79130004D1D4D /* CustomerOrderCell.swift in Sources */ = {isa = PBXBuildFile; fileRef = 7FF9375F1FE79130004D1D4D /* CustomerOrderCell.swift */; };
		7FF937621FE79130004D1D4D /* CustomerOrderCell.xib in Resources */ = {isa = PBXBuildFile; fileRef = 7FF937601FE79130004D1D4D /* CustomerOrderCell.xib */; };
		7FF9376C1FE7F25B004D1D4D /* DesignerOrderListController.swift in Sources */ = {isa = PBXBuildFile; fileRef = 7FF9376B1FE7F25B004D1D4D /* DesignerOrderListController.swift */; };
		7FF9376E1FE7F289004D1D4D /* DesignerOrdersController.swift in Sources */ = {isa = PBXBuildFile; fileRef = 7FF9376D1FE7F289004D1D4D /* DesignerOrdersController.swift */; };
		7FF937711FE7F409004D1D4D /* DesignerOrderCell.swift in Sources */ = {isa = PBXBuildFile; fileRef = 7FF9376F1FE7F409004D1D4D /* DesignerOrderCell.swift */; };
		7FF937721FE7F409004D1D4D /* DesignerOrderCell.xib in Resources */ = {isa = PBXBuildFile; fileRef = 7FF937701FE7F409004D1D4D /* DesignerOrderCell.xib */; };
		7FF937741FE8AB49004D1D4D /* CustomerMainPageController.swift in Sources */ = {isa = PBXBuildFile; fileRef = 7FF937731FE8AB49004D1D4D /* CustomerMainPageController.swift */; };
		7FF937771FE8AB89004D1D4D /* MainPageCell.swift in Sources */ = {isa = PBXBuildFile; fileRef = 7FF937751FE8AB89004D1D4D /* MainPageCell.swift */; };
		7FF937781FE8AB89004D1D4D /* MainPageCell.xib in Resources */ = {isa = PBXBuildFile; fileRef = 7FF937761FE8AB89004D1D4D /* MainPageCell.xib */; };
		E0440DF82D43F499F003D66B /* Pods_Sedo.framework in Frameworks */ = {isa = PBXBuildFile; fileRef = 2DD7528F16E09A0E1A7C2C50 /* Pods_Sedo.framework */; };
/* End PBXBuildFile section */

/* Begin PBXFileReference section */
		2DD7528F16E09A0E1A7C2C50 /* Pods_Sedo.framework */ = {isa = PBXFileReference; explicitFileType = wrapper.framework; includeInIndex = 0; path = Pods_Sedo.framework; sourceTree = BUILT_PRODUCTS_DIR; };
		724B63B4ACEA5E41A524226E /* Pods-Sedo.debug.xcconfig */ = {isa = PBXFileReference; includeInIndex = 1; lastKnownFileType = text.xcconfig; name = "Pods-Sedo.debug.xcconfig"; path = "Pods/Target Support Files/Pods-Sedo/Pods-Sedo.debug.xcconfig"; sourceTree = "<group>"; };
		7F6DDD241FE90A4F004E7898 /* UserManager.swift */ = {isa = PBXFileReference; lastKnownFileType = sourcecode.swift; path = UserManager.swift; sourceTree = "<group>"; };
		7F6DDD261FE91646004E7898 /* LoginController.swift */ = {isa = PBXFileReference; lastKnownFileType = sourcecode.swift; path = LoginController.swift; sourceTree = "<group>"; };
		7F6DDD2A1FE96DAB004E7898 /* PortfolioCell.swift */ = {isa = PBXFileReference; lastKnownFileType = sourcecode.swift; path = PortfolioCell.swift; sourceTree = "<group>"; };
		7F6DDD2B1FE96DAB004E7898 /* PortfolioCell.xib */ = {isa = PBXFileReference; lastKnownFileType = file.xib; path = PortfolioCell.xib; sourceTree = "<group>"; };
		7F6DDD2E1FE96E2A004E7898 /* PortfolioController.swift */ = {isa = PBXFileReference; lastKnownFileType = sourcecode.swift; path = PortfolioController.swift; sourceTree = "<group>"; };
		7F6DDD301FEA049B004E7898 /* RegisterController.swift */ = {isa = PBXFileReference; lastKnownFileType = sourcecode.swift; path = RegisterController.swift; sourceTree = "<group>"; };
		7FA137F31FE22FEE006455B1 /* Sedo.app */ = {isa = PBXFileReference; explicitFileType = wrapper.application; includeInIndex = 0; path = Sedo.app; sourceTree = BUILT_PRODUCTS_DIR; };
		7FA137F61FE22FEE006455B1 /* AppDelegate.swift */ = {isa = PBXFileReference; lastKnownFileType = sourcecode.swift; path = AppDelegate.swift; sourceTree = "<group>"; };
		7FA137F81FE22FEE006455B1 /* ViewController.swift */ = {isa = PBXFileReference; lastKnownFileType = sourcecode.swift; path = ViewController.swift; sourceTree = "<group>"; };
		7FA137FB1FE22FEE006455B1 /* Base */ = {isa = PBXFileReference; lastKnownFileType = file.storyboard; name = Base; path = Base.lproj/Main.storyboard; sourceTree = "<group>"; };
		7FA137FD1FE22FEE006455B1 /* Assets.xcassets */ = {isa = PBXFileReference; lastKnownFileType = folder.assetcatalog; path = Assets.xcassets; sourceTree = "<group>"; };
		7FA138001FE22FEE006455B1 /* Base */ = {isa = PBXFileReference; lastKnownFileType = file.storyboard; name = Base; path = Base.lproj/LaunchScreen.storyboard; sourceTree = "<group>"; };
		7FA138021FE22FEE006455B1 /* Info.plist */ = {isa = PBXFileReference; lastKnownFileType = text.plist.xml; path = Info.plist; sourceTree = "<group>"; };
		7FA138091FE24E04006455B1 /* GoogleService-Info.plist */ = {isa = PBXFileReference; fileEncoding = 4; lastKnownFileType = text.plist.xml; path = "GoogleService-Info.plist"; sourceTree = "<group>"; };
		7FA1380B1FE2505B006455B1 /* RequestManager.swift */ = {isa = PBXFileReference; lastKnownFileType = sourcecode.swift; path = RequestManager.swift; sourceTree = "<group>"; };
		7FA1380D1FE26E48006455B1 /* CustomerTabBarItemType.swift */ = {isa = PBXFileReference; lastKnownFileType = sourcecode.swift; path = CustomerTabBarItemType.swift; sourceTree = "<group>"; };
		7FA138101FE27179006455B1 /* CustomerTabBarItem.swift */ = {isa = PBXFileReference; lastKnownFileType = sourcecode.swift; path = CustomerTabBarItem.swift; sourceTree = "<group>"; };
		7FA138121FE28554006455B1 /* CustomerTabBarController.swift */ = {isa = PBXFileReference; lastKnownFileType = sourcecode.swift; path = CustomerTabBarController.swift; sourceTree = "<group>"; };
		7FA138141FE2869E006455B1 /* DesignerTabBarItemType.swift */ = {isa = PBXFileReference; lastKnownFileType = sourcecode.swift; path = DesignerTabBarItemType.swift; sourceTree = "<group>"; };
		7FA138161FE28870006455B1 /* DesignerTabBarItem.swift */ = {isa = PBXFileReference; lastKnownFileType = sourcecode.swift; path = DesignerTabBarItem.swift; sourceTree = "<group>"; };
		7FA138181FE28928006455B1 /* DesignerTabBarController.swift */ = {isa = PBXFileReference; lastKnownFileType = sourcecode.swift; path = DesignerTabBarController.swift; sourceTree = "<group>"; };
		7FA138241FE2B8ED006455B1 /* TestViewController.swift */ = {isa = PBXFileReference; lastKnownFileType = sourcecode.swift; path = TestViewController.swift; sourceTree = "<group>"; };
		7FA138261FE36A84006455B1 /* CustomerSettingController.swift */ = {isa = PBXFileReference; lastKnownFileType = sourcecode.swift; path = CustomerSettingController.swift; sourceTree = "<group>"; };
		7FA138281FE36A95006455B1 /* DesignerSettingController.swift */ = {isa = PBXFileReference; lastKnownFileType = sourcecode.swift; path = DesignerSettingController.swift; sourceTree = "<group>"; };
		7FCA6E4C1FEA56BD00D5CFB4 /* AppDelegateExtension.swift */ = {isa = PBXFileReference; lastKnownFileType = sourcecode.swift; path = AppDelegateExtension.swift; sourceTree = "<group>"; };
		7FCA6E4F1FEA57A100D5CFB4 /* UIWindowExtension.swift */ = {isa = PBXFileReference; lastKnownFileType = sourcecode.swift; path = UIWindowExtension.swift; sourceTree = "<group>"; };
		7FCA6E521FEA59EB00D5CFB4 /* FadeInOutTransition.swift */ = {isa = PBXFileReference; lastKnownFileType = sourcecode.swift; path = FadeInOutTransition.swift; sourceTree = "<group>"; };
		7FF9373D1FE3A6C2004D1D4D /* DesignerPendingController.swift */ = {isa = PBXFileReference; lastKnownFileType = sourcecode.swift; path = DesignerPendingController.swift; sourceTree = "<group>"; };
		7FF9373F1FE3BDB6004D1D4D /* DesignerRequestCell.swift */ = {isa = PBXFileReference; lastKnownFileType = sourcecode.swift; path = DesignerRequestCell.swift; sourceTree = "<group>"; };
		7FF937401FE3BDB6004D1D4D /* DesignerRequestCell.xib */ = {isa = PBXFileReference; lastKnownFileType = file.xib; path = DesignerRequestCell.xib; sourceTree = "<group>"; };
		7FF937491FE3BEF8004D1D4D /* UINibExtensions.swift */ = {isa = PBXFileReference; lastKnownFileType = sourcecode.swift; path = UINibExtensions.swift; sourceTree = "<group>"; };
		7FF9374D1FE3D0D5004D1D4D /* CustomerRequestController.swift */ = {isa = PBXFileReference; fileEncoding = 4; lastKnownFileType = sourcecode.swift; path = CustomerRequestController.swift; sourceTree = "<group>"; };
		7FF9374F1FE3D239004D1D4D /* ReplyRequestController.swift */ = {isa = PBXFileReference; lastKnownFileType = sourcecode.swift; path = ReplyRequestController.swift; sourceTree = "<group>"; };
		7FF937511FE76FA2004D1D4D /* CustomerOrderListController.swift */ = {isa = PBXFileReference; lastKnownFileType = sourcecode.swift; path = CustomerOrderListController.swift; sourceTree = "<group>"; };
		7FF937531FE76FBB004D1D4D /* CustomerPendingController.swift */ = {isa = PBXFileReference; lastKnownFileType = sourcecode.swift; path = CustomerPendingController.swift; sourceTree = "<group>"; };
		7FF937551FE777FD004D1D4D /* CustomerOrdersController.swift */ = {isa = PBXFileReference; lastKnownFileType = sourcecode.swift; path = CustomerOrdersController.swift; sourceTree = "<group>"; };
		7FF937591FE790DF004D1D4D /* CustomerRequestCell.swift */ = {isa = PBXFileReference; lastKnownFileType = sourcecode.swift; path = CustomerRequestCell.swift; sourceTree = "<group>"; };
		7FF9375A1FE790DF004D1D4D /* CustomerRequestCell.xib */ = {isa = PBXFileReference; lastKnownFileType = file.xib; path = CustomerRequestCell.xib; sourceTree = "<group>"; };
		7FF9375F1FE79130004D1D4D /* CustomerOrderCell.swift */ = {isa = PBXFileReference; lastKnownFileType = sourcecode.swift; path = CustomerOrderCell.swift; sourceTree = "<group>"; };
		7FF937601FE79130004D1D4D /* CustomerOrderCell.xib */ = {isa = PBXFileReference; lastKnownFileType = file.xib; path = CustomerOrderCell.xib; sourceTree = "<group>"; };
		7FF9376B1FE7F25B004D1D4D /* DesignerOrderListController.swift */ = {isa = PBXFileReference; lastKnownFileType = sourcecode.swift; path = DesignerOrderListController.swift; sourceTree = "<group>"; };
		7FF9376D1FE7F289004D1D4D /* DesignerOrdersController.swift */ = {isa = PBXFileReference; lastKnownFileType = sourcecode.swift; path = DesignerOrdersController.swift; sourceTree = "<group>"; };
		7FF9376F1FE7F409004D1D4D /* DesignerOrderCell.swift */ = {isa = PBXFileReference; lastKnownFileType = sourcecode.swift; path = DesignerOrderCell.swift; sourceTree = "<group>"; };
		7FF937701FE7F409004D1D4D /* DesignerOrderCell.xib */ = {isa = PBXFileReference; lastKnownFileType = file.xib; path = DesignerOrderCell.xib; sourceTree = "<group>"; };
		7FF937731FE8AB49004D1D4D /* CustomerMainPageController.swift */ = {isa = PBXFileReference; lastKnownFileType = sourcecode.swift; path = CustomerMainPageController.swift; sourceTree = "<group>"; };
		7FF937751FE8AB89004D1D4D /* MainPageCell.swift */ = {isa = PBXFileReference; lastKnownFileType = sourcecode.swift; path = MainPageCell.swift; sourceTree = "<group>"; };
		7FF937761FE8AB89004D1D4D /* MainPageCell.xib */ = {isa = PBXFileReference; lastKnownFileType = file.xib; path = MainPageCell.xib; sourceTree = "<group>"; };
		BF8A0C4547578D0E3655D68D /* Pods-Sedo.release.xcconfig */ = {isa = PBXFileReference; includeInIndex = 1; lastKnownFileType = text.xcconfig; name = "Pods-Sedo.release.xcconfig"; path = "Pods/Target Support Files/Pods-Sedo/Pods-Sedo.release.xcconfig"; sourceTree = "<group>"; };
/* End PBXFileReference section */

/* Begin PBXFrameworksBuildPhase section */
		7FA137F01FE22FEE006455B1 /* Frameworks */ = {
			isa = PBXFrameworksBuildPhase;
			buildActionMask = 2147483647;
			files = (
				E0440DF82D43F499F003D66B /* Pods_Sedo.framework in Frameworks */,
			);
			runOnlyForDeploymentPostprocessing = 0;
		};
/* End PBXFrameworksBuildPhase section */

/* Begin PBXGroup section */
		1FF3FB14E81EE4B2320409BC /* Pods */ = {
			isa = PBXGroup;
			children = (
				724B63B4ACEA5E41A524226E /* Pods-Sedo.debug.xcconfig */,
				BF8A0C4547578D0E3655D68D /* Pods-Sedo.release.xcconfig */,
			);
			name = Pods;
			sourceTree = "<group>";
		};
		7F6DDD231FE90A2D004E7898 /* Login */ = {
			isa = PBXGroup;
			children = (
				7F6DDD261FE91646004E7898 /* LoginController.swift */,
				7F6DDD301FEA049B004E7898 /* RegisterController.swift */,
			);
			path = Login;
			sourceTree = "<group>";
		};
		7FA137EA1FE22FEE006455B1 = {
			isa = PBXGroup;
			children = (
				7FA137F51FE22FEE006455B1 /* Sedo */,
				7FA137F41FE22FEE006455B1 /* Products */,
				1FF3FB14E81EE4B2320409BC /* Pods */,
				9EB2CDEAD44A59578BB6FA4F /* Frameworks */,
			);
			sourceTree = "<group>";
		};
		7FA137F41FE22FEE006455B1 /* Products */ = {
			isa = PBXGroup;
			children = (
				7FA137F31FE22FEE006455B1 /* Sedo.app */,
			);
			name = Products;
			sourceTree = "<group>";
		};
		7FA137F51FE22FEE006455B1 /* Sedo */ = {
			isa = PBXGroup;
			children = (
				7FCA6E511FEA59CC00D5CFB4 /* Animation */,
				7FCA6E4E1FEA578800D5CFB4 /* UIWindow */,
				7F6DDD231FE90A2D004E7898 /* Login */,
				7FF937471FE3BE6D004D1D4D /* AppDelegate */,
				7FF937451FE3BE1A004D1D4D /* Customer */,
				7FF937461FE3BE21004D1D4D /* Designer */,
				7FBD0A8C1FE37211009E7826 /* TestController */,
				7FF937481FE3BEC4004D1D4D /* Library */,
				7FF937441FE3BDE6004D1D4D /* Manager */,
				7FA137FA1FE22FEE006455B1 /* Main.storyboard */,
				7FA137FD1FE22FEE006455B1 /* Assets.xcassets */,
				7FA137FF1FE22FEE006455B1 /* LaunchScreen.storyboard */,
				7FA138091FE24E04006455B1 /* GoogleService-Info.plist */,
				7FA138021FE22FEE006455B1 /* Info.plist */,
			);
			path = Sedo;
			sourceTree = "<group>";
		};
		7FA1380F1FE26E7E006455B1 /* Tab Bar */ = {
			isa = PBXGroup;
			children = (
				7FA138101FE27179006455B1 /* CustomerTabBarItem.swift */,
				7FA1380D1FE26E48006455B1 /* CustomerTabBarItemType.swift */,
				7FA138121FE28554006455B1 /* CustomerTabBarController.swift */,
			);
			path = "Tab Bar";
			sourceTree = "<group>";
		};
		7FBD0A8C1FE37211009E7826 /* TestController */ = {
			isa = PBXGroup;
			children = (
				7FF9376A1FE7F1A7004D1D4D /* Testing Designer */,
				7FF937691FE7F189004D1D4D /* Testing Customer */,
				7FA137F81FE22FEE006455B1 /* ViewController.swift */,
				7FA138241FE2B8ED006455B1 /* TestViewController.swift */,
			);
			path = TestController;
			sourceTree = "<group>";
		};
		7FCA6E4E1FEA578800D5CFB4 /* UIWindow */ = {
			isa = PBXGroup;
			children = (
				7FCA6E4F1FEA57A100D5CFB4 /* UIWindowExtension.swift */,
			);
			path = UIWindow;
			sourceTree = "<group>";
		};
		7FCA6E511FEA59CC00D5CFB4 /* Animation */ = {
			isa = PBXGroup;
			children = (
				7FCA6E521FEA59EB00D5CFB4 /* FadeInOutTransition.swift */,
			);
			path = Animation;
			sourceTree = "<group>";
		};
		7FF937431FE3BDC1004D1D4D /* Cell */ = {
			isa = PBXGroup;
			children = (
				7FF9373F1FE3BDB6004D1D4D /* DesignerRequestCell.swift */,
				7FF937401FE3BDB6004D1D4D /* DesignerRequestCell.xib */,
				7FF9376F1FE7F409004D1D4D /* DesignerOrderCell.swift */,
				7FF937701FE7F409004D1D4D /* DesignerOrderCell.xib */,
				7F6DDD2A1FE96DAB004E7898 /* PortfolioCell.swift */,
				7F6DDD2B1FE96DAB004E7898 /* PortfolioCell.xib */,
			);
			path = Cell;
			sourceTree = "<group>";
		};
		7FF937441FE3BDE6004D1D4D /* Manager */ = {
			isa = PBXGroup;
			children = (
				7F6DDD241FE90A4F004E7898 /* UserManager.swift */,
				7FA1380B1FE2505B006455B1 /* RequestManager.swift */,
			);
			path = Manager;
			sourceTree = "<group>";
		};
		7FF937451FE3BE1A004D1D4D /* Customer */ = {
			isa = PBXGroup;
			children = (
				7FF937581FE7909A004D1D4D /* Cell */,
				7FA1380F1FE26E7E006455B1 /* Tab Bar */,
			);
			path = Customer;
			sourceTree = "<group>";
		};
		7FF937461FE3BE21004D1D4D /* Designer */ = {
			isa = PBXGroup;
			children = (
				7FF9374C1FE3CE05004D1D4D /* Tab Bar */,
				7FF937431FE3BDC1004D1D4D /* Cell */,
			);
			path = Designer;
			sourceTree = "<group>";
		};
		7FF937471FE3BE6D004D1D4D /* AppDelegate */ = {
			isa = PBXGroup;
			children = (
				7FA137F61FE22FEE006455B1 /* AppDelegate.swift */,
				7FCA6E4C1FEA56BD00D5CFB4 /* AppDelegateExtension.swift */,
			);
			path = AppDelegate;
			sourceTree = "<group>";
		};
		7FF937481FE3BEC4004D1D4D /* Library */ = {
			isa = PBXGroup;
			children = (
				7FF937491FE3BEF8004D1D4D /* UINibExtensions.swift */,
			);
			path = Library;
			sourceTree = "<group>";
		};
		7FF9374C1FE3CE05004D1D4D /* Tab Bar */ = {
			isa = PBXGroup;
			children = (
				7FA138161FE28870006455B1 /* DesignerTabBarItem.swift */,
				7FA138141FE2869E006455B1 /* DesignerTabBarItemType.swift */,
				7FA138181FE28928006455B1 /* DesignerTabBarController.swift */,
			);
			path = "Tab Bar";
			sourceTree = "<group>";
		};
		7FF937581FE7909A004D1D4D /* Cell */ = {
			isa = PBXGroup;
			children = (
				7FF937591FE790DF004D1D4D /* CustomerRequestCell.swift */,
				7FF9375A1FE790DF004D1D4D /* CustomerRequestCell.xib */,
				7FF9375F1FE79130004D1D4D /* CustomerOrderCell.swift */,
				7FF937601FE79130004D1D4D /* CustomerOrderCell.xib */,
				7FF937751FE8AB89004D1D4D /* MainPageCell.swift */,
				7FF937761FE8AB89004D1D4D /* MainPageCell.xib */,
			);
			path = Cell;
			sourceTree = "<group>";
		};
		7FF937691FE7F189004D1D4D /* Testing Customer */ = {
			isa = PBXGroup;
			children = (
				7FF937511FE76FA2004D1D4D /* CustomerOrderListController.swift */,
				7FF937531FE76FBB004D1D4D /* CustomerPendingController.swift */,
				7FF937551FE777FD004D1D4D /* CustomerOrdersController.swift */,
				7FF9374D1FE3D0D5004D1D4D /* CustomerRequestController.swift */,
				7FA138261FE36A84006455B1 /* CustomerSettingController.swift */,
				7FF937731FE8AB49004D1D4D /* CustomerMainPageController.swift */,
			);
			path = "Testing Customer";
			sourceTree = "<group>";
		};
		7FF9376A1FE7F1A7004D1D4D /* Testing Designer */ = {
			isa = PBXGroup;
			children = (
				7FA138281FE36A95006455B1 /* DesignerSettingController.swift */,
				7FF9374F1FE3D239004D1D4D /* ReplyRequestController.swift */,
				7FF9376B1FE7F25B004D1D4D /* DesignerOrderListController.swift */,
				7FF9373D1FE3A6C2004D1D4D /* DesignerPendingController.swift */,
				7FF9376D1FE7F289004D1D4D /* DesignerOrdersController.swift */,
				7F6DDD2E1FE96E2A004E7898 /* PortfolioController.swift */,
			);
			path = "Testing Designer";
			sourceTree = "<group>";
		};
		9EB2CDEAD44A59578BB6FA4F /* Frameworks */ = {
			isa = PBXGroup;
			children = (
				2DD7528F16E09A0E1A7C2C50 /* Pods_Sedo.framework */,
			);
			name = Frameworks;
			sourceTree = "<group>";
		};
/* End PBXGroup section */

/* Begin PBXNativeTarget section */
		7FA137F21FE22FEE006455B1 /* Sedo */ = {
			isa = PBXNativeTarget;
			buildConfigurationList = 7FA138051FE22FEE006455B1 /* Build configuration list for PBXNativeTarget "Sedo" */;
			buildPhases = (
				EA1FE984D52AF7B7A8A7FF2C /* [CP] Check Pods Manifest.lock */,
				7FA137EF1FE22FEE006455B1 /* Sources */,
				7FA137F01FE22FEE006455B1 /* Frameworks */,
				7FA137F11FE22FEE006455B1 /* Resources */,
				7D25E8D7DD2688EFA1812093 /* [CP] Embed Pods Frameworks */,
				AF7511BF41640CB2D0B60FD5 /* [CP] Copy Pods Resources */,
				7FA138081FE23484006455B1 /* ShellScript */,
			);
			buildRules = (
			);
			dependencies = (
			);
			name = Sedo;
			productName = Sedo;
			productReference = 7FA137F31FE22FEE006455B1 /* Sedo.app */;
			productType = "com.apple.product-type.application";
		};
/* End PBXNativeTarget section */

/* Begin PBXProject section */
		7FA137EB1FE22FEE006455B1 /* Project object */ = {
			isa = PBXProject;
			attributes = {
				LastSwiftUpdateCheck = 0900;
				LastUpgradeCheck = 0900;
				ORGANIZATIONNAME = "Aries Yang";
				TargetAttributes = {
					7FA137F21FE22FEE006455B1 = {
						CreatedOnToolsVersion = 9.0.1;
						ProvisioningStyle = Automatic;
					};
				};
			};
			buildConfigurationList = 7FA137EE1FE22FEE006455B1 /* Build configuration list for PBXProject "Sedo" */;
			compatibilityVersion = "Xcode 8.0";
			developmentRegion = en;
			hasScannedForEncodings = 0;
			knownRegions = (
				en,
				Base,
			);
			mainGroup = 7FA137EA1FE22FEE006455B1;
			productRefGroup = 7FA137F41FE22FEE006455B1 /* Products */;
			projectDirPath = "";
			projectRoot = "";
			targets = (
				7FA137F21FE22FEE006455B1 /* Sedo */,
			);
		};
/* End PBXProject section */

/* Begin PBXResourcesBuildPhase section */
		7FA137F11FE22FEE006455B1 /* Resources */ = {
			isa = PBXResourcesBuildPhase;
			buildActionMask = 2147483647;
			files = (
				7F6DDD2D1FE96DAB004E7898 /* PortfolioCell.xib in Resources */,
				7FF937421FE3BDB6004D1D4D /* DesignerRequestCell.xib in Resources */,
				7FF937781FE8AB89004D1D4D /* MainPageCell.xib in Resources */,
				7FF9375C1FE790DF004D1D4D /* CustomerRequestCell.xib in Resources */,
				7FA138011FE22FEE006455B1 /* LaunchScreen.storyboard in Resources */,
				7FF937721FE7F409004D1D4D /* DesignerOrderCell.xib in Resources */,
				7FF937621FE79130004D1D4D /* CustomerOrderCell.xib in Resources */,
				7FA1380A1FE24E04006455B1 /* GoogleService-Info.plist in Resources */,
				7FA137FE1FE22FEE006455B1 /* Assets.xcassets in Resources */,
				7FA137FC1FE22FEE006455B1 /* Main.storyboard in Resources */,
			);
			runOnlyForDeploymentPostprocessing = 0;
		};
/* End PBXResourcesBuildPhase section */

/* Begin PBXShellScriptBuildPhase section */
		7D25E8D7DD2688EFA1812093 /* [CP] Embed Pods Frameworks */ = {
			isa = PBXShellScriptBuildPhase;
			buildActionMask = 2147483647;
			files = (
			);
			inputPaths = (
				"${SRCROOT}/Pods/Target Support Files/Pods-Sedo/Pods-Sedo-frameworks.sh",
				"${BUILT_PRODUCTS_DIR}/GTMSessionFetcher/GTMSessionFetcher.framework",
				"${BUILT_PRODUCTS_DIR}/GoogleToolboxForMac/GoogleToolboxForMac.framework",
				"${BUILT_PRODUCTS_DIR}/JTAppleCalendar/JTAppleCalendar.framework",
				"${BUILT_PRODUCTS_DIR}/XLPagerTabStrip/XLPagerTabStrip.framework",
				"${BUILT_PRODUCTS_DIR}/leveldb-library/leveldb.framework",
				"${BUILT_PRODUCTS_DIR}/nanopb/nanopb.framework",
			);
			name = "[CP] Embed Pods Frameworks";
			outputPaths = (
				"${TARGET_BUILD_DIR}/${FRAMEWORKS_FOLDER_PATH}/GTMSessionFetcher.framework",
				"${TARGET_BUILD_DIR}/${FRAMEWORKS_FOLDER_PATH}/GoogleToolboxForMac.framework",
				"${TARGET_BUILD_DIR}/${FRAMEWORKS_FOLDER_PATH}/JTAppleCalendar.framework",
				"${TARGET_BUILD_DIR}/${FRAMEWORKS_FOLDER_PATH}/XLPagerTabStrip.framework",
				"${TARGET_BUILD_DIR}/${FRAMEWORKS_FOLDER_PATH}/leveldb.framework",
				"${TARGET_BUILD_DIR}/${FRAMEWORKS_FOLDER_PATH}/nanopb.framework",
			);
			runOnlyForDeploymentPostprocessing = 0;
			shellPath = /bin/sh;
			shellScript = "\"${SRCROOT}/Pods/Target Support Files/Pods-Sedo/Pods-Sedo-frameworks.sh\"\n";
			showEnvVarsInLog = 0;
		};
		7FA138081FE23484006455B1 /* ShellScript */ = {
			isa = PBXShellScriptBuildPhase;
			buildActionMask = 2147483647;
			files = (
			);
			inputPaths = (
			);
			outputPaths = (
			);
			runOnlyForDeploymentPostprocessing = 0;
			shellPath = /bin/sh;
			shellScript = "\"${PODS_ROOT}/SwiftLint/swiftlint\"";
		};
		AF7511BF41640CB2D0B60FD5 /* [CP] Copy Pods Resources */ = {
			isa = PBXShellScriptBuildPhase;
			buildActionMask = 2147483647;
			files = (
			);
			inputPaths = (
			);
			name = "[CP] Copy Pods Resources";
			outputPaths = (
			);
			runOnlyForDeploymentPostprocessing = 0;
			shellPath = /bin/sh;
			shellScript = "\"${SRCROOT}/Pods/Target Support Files/Pods-Sedo/Pods-Sedo-resources.sh\"\n";
			showEnvVarsInLog = 0;
		};
		EA1FE984D52AF7B7A8A7FF2C /* [CP] Check Pods Manifest.lock */ = {
			isa = PBXShellScriptBuildPhase;
			buildActionMask = 2147483647;
			files = (
			);
			inputPaths = (
				"${PODS_PODFILE_DIR_PATH}/Podfile.lock",
				"${PODS_ROOT}/Manifest.lock",
			);
			name = "[CP] Check Pods Manifest.lock";
			outputPaths = (
				"$(DERIVED_FILE_DIR)/Pods-Sedo-checkManifestLockResult.txt",
			);
			runOnlyForDeploymentPostprocessing = 0;
			shellPath = /bin/sh;
			shellScript = "diff \"${PODS_PODFILE_DIR_PATH}/Podfile.lock\" \"${PODS_ROOT}/Manifest.lock\" > /dev/null\nif [ $? != 0 ] ; then\n    # print error to STDERR\n    echo \"error: The sandbox is not in sync with the Podfile.lock. Run 'pod install' or update your CocoaPods installation.\" >&2\n    exit 1\nfi\n# This output is used by Xcode 'outputs' to avoid re-running this script phase.\necho \"SUCCESS\" > \"${SCRIPT_OUTPUT_FILE_0}\"\n";
			showEnvVarsInLog = 0;
		};
/* End PBXShellScriptBuildPhase section */

/* Begin PBXSourcesBuildPhase section */
		7FA137EF1FE22FEE006455B1 /* Sources */ = {
			isa = PBXSourcesBuildPhase;
			buildActionMask = 2147483647;
			files = (
				7FF937411FE3BDB6004D1D4D /* DesignerRequestCell.swift in Sources */,
				7FA1380E1FE26E48006455B1 /* CustomerTabBarItemType.swift in Sources */,
				7F6DDD251FE90A4F004E7898 /* UserManager.swift in Sources */,
				7FCA6E531FEA59EB00D5CFB4 /* FadeInOutTransition.swift in Sources */,
				7FA1380C1FE2505B006455B1 /* RequestManager.swift in Sources */,
				7FA138151FE2869E006455B1 /* DesignerTabBarItemType.swift in Sources */,
				7FA138111FE27179006455B1 /* CustomerTabBarItem.swift in Sources */,
				7FA138251FE2B8ED006455B1 /* TestViewController.swift in Sources */,
				7FF937561FE777FD004D1D4D /* CustomerOrdersController.swift in Sources */,
				7FF9374A1FE3BEF8004D1D4D /* UINibExtensions.swift in Sources */,
				7FF937741FE8AB49004D1D4D /* CustomerMainPageController.swift in Sources */,
				7FA138291FE36A95006455B1 /* DesignerSettingController.swift in Sources */,
				7FF937541FE76FBB004D1D4D /* CustomerPendingController.swift in Sources */,
				7F6DDD271FE91646004E7898 /* LoginController.swift in Sources */,
				7FCA6E501FEA57A100D5CFB4 /* UIWindowExtension.swift in Sources */,
				7FF937521FE76FA2004D1D4D /* CustomerOrderListController.swift in Sources */,
				7FF9374E1FE3D0D5004D1D4D /* CustomerRequestController.swift in Sources */,
				7FF937711FE7F409004D1D4D /* DesignerOrderCell.swift in Sources */,
				7FA138131FE28554006455B1 /* CustomerTabBarController.swift in Sources */,
				7F6DDD2C1FE96DAB004E7898 /* PortfolioCell.swift in Sources */,
				7FA137F91FE22FEE006455B1 /* ViewController.swift in Sources */,
				7FF9375B1FE790DF004D1D4D /* CustomerRequestCell.swift in Sources */,
				7FA137F71FE22FEE006455B1 /* AppDelegate.swift in Sources */,
				7FA138191FE28928006455B1 /* DesignerTabBarController.swift in Sources */,
				7FA138271FE36A84006455B1 /* CustomerSettingController.swift in Sources */,
				7FF937611FE79130004D1D4D /* CustomerOrderCell.swift in Sources */,
				7FF9376C1FE7F25B004D1D4D /* DesignerOrderListController.swift in Sources */,
				7FF937501FE3D239004D1D4D /* ReplyRequestController.swift in Sources */,
				7F6DDD2F1FE96E2A004E7898 /* PortfolioController.swift in Sources */,
				7FF9376E1FE7F289004D1D4D /* DesignerOrdersController.swift in Sources */,
				7F6DDD311FEA049B004E7898 /* RegisterController.swift in Sources */,
				7FA138171FE28870006455B1 /* DesignerTabBarItem.swift in Sources */,
				7FF937771FE8AB89004D1D4D /* MainPageCell.swift in Sources */,
				7FCA6E4D1FEA56BD00D5CFB4 /* AppDelegateExtension.swift in Sources */,
				7FF9373E1FE3A6C2004D1D4D /* DesignerPendingController.swift in Sources */,
			);
			runOnlyForDeploymentPostprocessing = 0;
		};
/* End PBXSourcesBuildPhase section */

/* Begin PBXVariantGroup section */
		7FA137FA1FE22FEE006455B1 /* Main.storyboard */ = {
			isa = PBXVariantGroup;
			children = (
				7FA137FB1FE22FEE006455B1 /* Base */,
			);
			name = Main.storyboard;
			sourceTree = "<group>";
		};
		7FA137FF1FE22FEE006455B1 /* LaunchScreen.storyboard */ = {
			isa = PBXVariantGroup;
			children = (
				7FA138001FE22FEE006455B1 /* Base */,
			);
			name = LaunchScreen.storyboard;
			sourceTree = "<group>";
		};
/* End PBXVariantGroup section */

/* Begin XCBuildConfiguration section */
		7FA138031FE22FEE006455B1 /* Debug */ = {
			isa = XCBuildConfiguration;
			buildSettings = {
				ALWAYS_SEARCH_USER_PATHS = NO;
				CLANG_ANALYZER_NONNULL = YES;
				CLANG_ANALYZER_NUMBER_OBJECT_CONVERSION = YES_AGGRESSIVE;
				CLANG_CXX_LANGUAGE_STANDARD = "gnu++14";
				CLANG_CXX_LIBRARY = "libc++";
				CLANG_ENABLE_MODULES = YES;
				CLANG_ENABLE_OBJC_ARC = YES;
				CLANG_WARN_BLOCK_CAPTURE_AUTORELEASING = YES;
				CLANG_WARN_BOOL_CONVERSION = YES;
				CLANG_WARN_COMMA = YES;
				CLANG_WARN_CONSTANT_CONVERSION = YES;
				CLANG_WARN_DIRECT_OBJC_ISA_USAGE = YES_ERROR;
				CLANG_WARN_DOCUMENTATION_COMMENTS = YES;
				CLANG_WARN_EMPTY_BODY = YES;
				CLANG_WARN_ENUM_CONVERSION = YES;
				CLANG_WARN_INFINITE_RECURSION = YES;
				CLANG_WARN_INT_CONVERSION = YES;
				CLANG_WARN_NON_LITERAL_NULL_CONVERSION = YES;
				CLANG_WARN_OBJC_LITERAL_CONVERSION = YES;
				CLANG_WARN_OBJC_ROOT_CLASS = YES_ERROR;
				CLANG_WARN_RANGE_LOOP_ANALYSIS = YES;
				CLANG_WARN_STRICT_PROTOTYPES = YES;
				CLANG_WARN_SUSPICIOUS_MOVE = YES;
				CLANG_WARN_UNGUARDED_AVAILABILITY = YES_AGGRESSIVE;
				CLANG_WARN_UNREACHABLE_CODE = YES;
				CLANG_WARN__DUPLICATE_METHOD_MATCH = YES;
				CODE_SIGN_IDENTITY = "iPhone Developer";
				COPY_PHASE_STRIP = NO;
				DEBUG_INFORMATION_FORMAT = dwarf;
				ENABLE_STRICT_OBJC_MSGSEND = YES;
				ENABLE_TESTABILITY = YES;
				GCC_C_LANGUAGE_STANDARD = gnu11;
				GCC_DYNAMIC_NO_PIC = NO;
				GCC_NO_COMMON_BLOCKS = YES;
				GCC_OPTIMIZATION_LEVEL = 0;
				GCC_PREPROCESSOR_DEFINITIONS = (
					"DEBUG=1",
					"$(inherited)",
				);
				GCC_WARN_64_TO_32_BIT_CONVERSION = YES;
				GCC_WARN_ABOUT_RETURN_TYPE = YES_ERROR;
				GCC_WARN_UNDECLARED_SELECTOR = YES;
				GCC_WARN_UNINITIALIZED_AUTOS = YES_AGGRESSIVE;
				GCC_WARN_UNUSED_FUNCTION = YES;
				GCC_WARN_UNUSED_VARIABLE = YES;
				IPHONEOS_DEPLOYMENT_TARGET = 11.0;
				MTL_ENABLE_DEBUG_INFO = YES;
				ONLY_ACTIVE_ARCH = YES;
				SDKROOT = iphoneos;
				SWIFT_ACTIVE_COMPILATION_CONDITIONS = DEBUG;
				SWIFT_OPTIMIZATION_LEVEL = "-Onone";
			};
			name = Debug;
		};
		7FA138041FE22FEE006455B1 /* Release */ = {
			isa = XCBuildConfiguration;
			buildSettings = {
				ALWAYS_SEARCH_USER_PATHS = NO;
				CLANG_ANALYZER_NONNULL = YES;
				CLANG_ANALYZER_NUMBER_OBJECT_CONVERSION = YES_AGGRESSIVE;
				CLANG_CXX_LANGUAGE_STANDARD = "gnu++14";
				CLANG_CXX_LIBRARY = "libc++";
				CLANG_ENABLE_MODULES = YES;
				CLANG_ENABLE_OBJC_ARC = YES;
				CLANG_WARN_BLOCK_CAPTURE_AUTORELEASING = YES;
				CLANG_WARN_BOOL_CONVERSION = YES;
				CLANG_WARN_COMMA = YES;
				CLANG_WARN_CONSTANT_CONVERSION = YES;
				CLANG_WARN_DIRECT_OBJC_ISA_USAGE = YES_ERROR;
				CLANG_WARN_DOCUMENTATION_COMMENTS = YES;
				CLANG_WARN_EMPTY_BODY = YES;
				CLANG_WARN_ENUM_CONVERSION = YES;
				CLANG_WARN_INFINITE_RECURSION = YES;
				CLANG_WARN_INT_CONVERSION = YES;
				CLANG_WARN_NON_LITERAL_NULL_CONVERSION = YES;
				CLANG_WARN_OBJC_LITERAL_CONVERSION = YES;
				CLANG_WARN_OBJC_ROOT_CLASS = YES_ERROR;
				CLANG_WARN_RANGE_LOOP_ANALYSIS = YES;
				CLANG_WARN_STRICT_PROTOTYPES = YES;
				CLANG_WARN_SUSPICIOUS_MOVE = YES;
				CLANG_WARN_UNGUARDED_AVAILABILITY = YES_AGGRESSIVE;
				CLANG_WARN_UNREACHABLE_CODE = YES;
				CLANG_WARN__DUPLICATE_METHOD_MATCH = YES;
				CODE_SIGN_IDENTITY = "iPhone Developer";
				COPY_PHASE_STRIP = NO;
				DEBUG_INFORMATION_FORMAT = "dwarf-with-dsym";
				ENABLE_NS_ASSERTIONS = NO;
				ENABLE_STRICT_OBJC_MSGSEND = YES;
				GCC_C_LANGUAGE_STANDARD = gnu11;
				GCC_NO_COMMON_BLOCKS = YES;
				GCC_WARN_64_TO_32_BIT_CONVERSION = YES;
				GCC_WARN_ABOUT_RETURN_TYPE = YES_ERROR;
				GCC_WARN_UNDECLARED_SELECTOR = YES;
				GCC_WARN_UNINITIALIZED_AUTOS = YES_AGGRESSIVE;
				GCC_WARN_UNUSED_FUNCTION = YES;
				GCC_WARN_UNUSED_VARIABLE = YES;
				IPHONEOS_DEPLOYMENT_TARGET = 11.0;
				MTL_ENABLE_DEBUG_INFO = NO;
				SDKROOT = iphoneos;
				SWIFT_OPTIMIZATION_LEVEL = "-Owholemodule";
				VALIDATE_PRODUCT = YES;
			};
			name = Release;
		};
		7FA138061FE22FEE006455B1 /* Debug */ = {
			isa = XCBuildConfiguration;
			baseConfigurationReference = 724B63B4ACEA5E41A524226E /* Pods-Sedo.debug.xcconfig */;
			buildSettings = {
				ASSETCATALOG_COMPILER_APPICON_NAME = AppIcon;
				CODE_SIGN_STYLE = Automatic;
				DEVELOPMENT_TEAM = 3VX9S93JFQ;
				INFOPLIST_FILE = Sedo/Info.plist;
				LD_RUNPATH_SEARCH_PATHS = "$(inherited) @executable_path/Frameworks";
				PRODUCT_BUNDLE_IDENTIFIER = com.arsyng.Sedo;
				PRODUCT_NAME = "$(TARGET_NAME)";
				SWIFT_VERSION = 4.0;
				TARGETED_DEVICE_FAMILY = "1,2";
			};
			name = Debug;
		};
		7FA138071FE22FEE006455B1 /* Release */ = {
			isa = XCBuildConfiguration;
			baseConfigurationReference = BF8A0C4547578D0E3655D68D /* Pods-Sedo.release.xcconfig */;
			buildSettings = {
				ASSETCATALOG_COMPILER_APPICON_NAME = AppIcon;
				CODE_SIGN_STYLE = Automatic;
				DEVELOPMENT_TEAM = 3VX9S93JFQ;
				INFOPLIST_FILE = Sedo/Info.plist;
				LD_RUNPATH_SEARCH_PATHS = "$(inherited) @executable_path/Frameworks";
				PRODUCT_BUNDLE_IDENTIFIER = com.arsyng.Sedo;
				PRODUCT_NAME = "$(TARGET_NAME)";
				SWIFT_VERSION = 4.0;
				TARGETED_DEVICE_FAMILY = "1,2";
			};
			name = Release;
		};
/* End XCBuildConfiguration section */

/* Begin XCConfigurationList section */
		7FA137EE1FE22FEE006455B1 /* Build configuration list for PBXProject "Sedo" */ = {
			isa = XCConfigurationList;
			buildConfigurations = (
				7FA138031FE22FEE006455B1 /* Debug */,
				7FA138041FE22FEE006455B1 /* Release */,
			);
			defaultConfigurationIsVisible = 0;
			defaultConfigurationName = Release;
		};
		7FA138051FE22FEE006455B1 /* Build configuration list for PBXNativeTarget "Sedo" */ = {
			isa = XCConfigurationList;
			buildConfigurations = (
				7FA138061FE22FEE006455B1 /* Debug */,
				7FA138071FE22FEE006455B1 /* Release */,
			);
			defaultConfigurationIsVisible = 0;
			defaultConfigurationName = Release;
		};
/* End XCConfigurationList section */
	};
	rootObject = 7FA137EB1FE22FEE006455B1 /* Project object */;
}
